
Microsoft Visual Studio Solution File, Format Version 12.00
# Visual Studio 16
Project("{FAE04EC0-301F-11D3-BF4B-00C04F79EFBC}") = "Assembly-CSharp", "Assembly-CSharp.csproj", "{FF1C2372-D39E-2462-8FAC-21CB9E9AA7B2}"
EndProject
Project("{FAE04EC0-301F-11D3-BF4B-00C04F79EFBC}") = "Assembly-CSharp-Editor", "Assembly-CSharp-Editor.csproj", "{3D26E18F-09AD-11B6-6B0D-0C02FDF2EDF5}"
EndProject
Global
	GlobalSection(SolutionConfigurationPlatforms) = preSolution
		Debug|Any CPU = Debug|Any CPU
		Release|Any CPU = Release|Any CPU
	EndGlobalSection
	GlobalSection(ProjectConfigurationPlatforms) = postSolution
		{FF1C2372-D39E-2462-8FAC-21CB9E9AA7B2}.Debug|Any CPU.ActiveCfg = Debug|Any CPU
		{FF1C2372-D39E-2462-8FAC-21CB9E9AA7B2}.Debug|Any CPU.Build.0 = Debug|Any CPU
		{FF1C2372-D39E-2462-8FAC-21CB9E9AA7B2}.Release|Any CPU.ActiveCfg = Release|Any CPU
		{FF1C2372-D39E-2462-8FAC-21CB9E9AA7B2}.Release|Any CPU.Build.0 = Release|Any CPU
		{3D26E18F-09AD-11B6-6B0D-0C02FDF2EDF5}.Debug|Any CPU.ActiveCfg = Debug|Any CPU
		{3D26E18F-09AD-11B6-6B0D-0C02FDF2EDF5}.Debug|Any CPU.Build.0 = Debug|Any CPU
		{3D26E18F-09AD-11B6-6B0D-0C02FDF2EDF5}.Release|Any CPU.ActiveCfg = Release|Any CPU
		{3D26E18F-09AD-11B6-6B0D-0C02FDF2EDF5}.Release|Any CPU.Build.0 = Release|Any CPU
	EndGlobalSection
	GlobalSection(SolutionProperties) = preSolution
		HideSolutionNode = FALSE
	EndGlobalSection
EndGlobal
